
Microsoft Visual Studio Solution File, Format Version 11.00
# Visual Basic Express 2010
Project("{F184B08F-C81C-45F6-A57F-5ABD9991F28F}") = "FlagQuiz", "FlagQuiz\FlagQuiz.vbproj", "{0E86E3B8-433C-4528-AD95-EC6C1C6BA9F5}"
EndProject
Global
	GlobalSection(SolutionConfigurationPlatforms) = preSolution
		Debug|Any CPU = Debug|Any CPU
		Release|Any CPU = Release|Any CPU
	EndGlobalSection
	GlobalSection(ProjectConfigurationPlatforms) = postSolution
		{0E86E3B8-433C-4528-AD95-EC6C1C6BA9F5}.Debug|Any CPU.ActiveCfg = Debug|Any CPU
		{0E86E3B8-433C-4528-AD95-EC6C1C6BA9F5}.Debug|Any CPU.Build.0 = Debug|Any CPU
		{0E86E3B8-433C-4528-AD95-EC6C1C6BA9F5}.Release|Any CPU.ActiveCfg = Release|Any CPU
		{0E86E3B8-433C-4528-AD95-EC6C1C6BA9F5}.Release|Any CPU.Build.0 = Release|Any CPU
	EndGlobalSection
	GlobalSection(SolutionProperties) = preSolution
		HideSolutionNode = FALSE
	EndGlobalSection
EndGlobal
